
Microsoft Visual Studio Solution File, Format Version 12.00
Project("{FAE04EC0-301F-11D3-BF4B-00C04F79EFBC}") = "Sylvanas", "Sylvanas\Sylvanas.csproj", "{5B240828-1358-4F17-8F6A-630A66156DB3}"
EndProject
Project("{2150E333-8FDC-42A3-9474-1A3956D46DE8}") = "Plugins", "Plugins", "{EEAF5881-2664-4300-8CB3-32A8DF538D88}"
EndProject
Project("{2150E333-8FDC-42A3-9474-1A3956D46DE8}") = "Core", "Core", "{81ACE821-A25D-495C-B90A-D59038115EFE}"
EndProject
Project("{FAE04EC0-301F-11D3-BF4B-00C04F79EFBC}") = "Sylvanas.Core", "Sylvanas.Core\Sylvanas.Core.csproj", "{3B013D42-493B-4D25-83D1-BF1A5A5CB255}"
EndProject
Project("{FAE04EC0-301F-11D3-BF4B-00C04F79EFBC}") = "Sylvanas.Plugins.JumboEmotes", "Plugins\Sylvanas.Plugins.JumboEmotes\Sylvanas.Plugins.JumboEmotes.csproj", "{8BF703D0-8659-4093-81C4-791CEA1855A9}"
EndProject
Global
	GlobalSection(SolutionConfigurationPlatforms) = preSolution
		Debug|Any CPU = Debug|Any CPU
		Release|Any CPU = Release|Any CPU
	EndGlobalSection
	GlobalSection(ProjectConfigurationPlatforms) = postSolution
		{5B240828-1358-4F17-8F6A-630A66156DB3}.Debug|Any CPU.ActiveCfg = Debug|Any CPU
		{5B240828-1358-4F17-8F6A-630A66156DB3}.Debug|Any CPU.Build.0 = Debug|Any CPU
		{5B240828-1358-4F17-8F6A-630A66156DB3}.Release|Any CPU.ActiveCfg = Release|Any CPU
		{5B240828-1358-4F17-8F6A-630A66156DB3}.Release|Any CPU.Build.0 = Release|Any CPU
		{3B013D42-493B-4D25-83D1-BF1A5A5CB255}.Debug|Any CPU.ActiveCfg = Debug|Any CPU
		{3B013D42-493B-4D25-83D1-BF1A5A5CB255}.Debug|Any CPU.Build.0 = Debug|Any CPU
		{3B013D42-493B-4D25-83D1-BF1A5A5CB255}.Release|Any CPU.ActiveCfg = Release|Any CPU
		{3B013D42-493B-4D25-83D1-BF1A5A5CB255}.Release|Any CPU.Build.0 = Release|Any CPU
		{8BF703D0-8659-4093-81C4-791CEA1855A9}.Debug|Any CPU.ActiveCfg = Debug|Any CPU
		{8BF703D0-8659-4093-81C4-791CEA1855A9}.Debug|Any CPU.Build.0 = Debug|Any CPU
		{8BF703D0-8659-4093-81C4-791CEA1855A9}.Release|Any CPU.ActiveCfg = Release|Any CPU
		{8BF703D0-8659-4093-81C4-791CEA1855A9}.Release|Any CPU.Build.0 = Release|Any CPU
	EndGlobalSection
	GlobalSection(NestedProjects) = preSolution
		{3B013D42-493B-4D25-83D1-BF1A5A5CB255} = {81ACE821-A25D-495C-B90A-D59038115EFE}
		{8BF703D0-8659-4093-81C4-791CEA1855A9} = {EEAF5881-2664-4300-8CB3-32A8DF538D88}
	EndGlobalSection
EndGlobal
